<?xml version="1.0" encoding="utf-8"?>
<Project ToolsVersion="4.0" xmlns="http://schemas.microsoft.com/developer/msbuild/2003">
  <ItemGroup>
    <Filter Include="Source Files">
      <UniqueIdentifier>{4FC737F1-C7A5-4376-A066-2A32D752A2FF}</UniqueIdentifier>
      <Extensions>cpp;c;cc;cxx;c++;cppm;ixx;def;odl;idl;hpj;bat;asm;asmx</Extensions>
    </Filter>
    <Filter Include="Header Files">
      <UniqueIdentifier>{93995380-89BD-4b04-88EB-625FBE52EBFB}</UniqueIdentifier>
      <Extensions>h;hh;hpp;hxx;h++;hm;inl;inc;ipp;xsd</Extensions>
    </Filter>
    <Filter Include="Resource Files">
      <UniqueIdentifier>{67DA6AB6-F800-4c08-8B7A-83BB121AAD01}</UniqueIdentifier>
      <Extensions>rc;ico;cur;bmp;dlg;rc2;rct;bin;rgs;gif;jpg;jpeg;jpe;resx;tiff;tif;png;wav;mfcribbon-ms</Extensions>
    </Filter>
  </ItemGroup>
  <ItemGroup>
    <ClCompile Include="Source.cpp">
      <Filter>Source Files</Filter>
    </ClCompile>
    <ClCompile Include="igralec.cpp">
      <Filter>Source Files</Filter>
    </ClCompile>
    <ClCompile Include="overworld.cpp">
      <Filter>Source Files</Filter>
    </ClCompile>
    <ClCompile Include="shranjevanje.cpp">
      <Filter>Source Files</Filter>
    </ClCompile>
    <ClCompile Include="level.cpp">
      <Filter>Source Files</Filter>
    </ClCompile>
    <ClCompile Include="zvok.cpp">
      <Filter>Source Files</Filter>
    </ClCompile>
    <ClCompile Include="slika.cpp">
      <Filter>Source Files</Filter>
    </ClCompile>
    <ClCompile Include="igra.cpp">
      <Filter>Source Files</Filter>
    </ClCompile>
    <ClCompile Include="menu.cpp">
      <Filter>Source Files</Filter>
    </ClCompile>
    <ClCompile Include="tekst.cpp">
      <Filter>Source Files</Filter>
    </ClCompile>
    <ClCompile Include="okno.cpp">
      <Filter>Source Files</Filter>
    </ClCompile>
    <ClCompile Include="trki.cpp">
      <Filter>Source Files</Filter>
    </ClCompile>
    <ClCompile Include="stamina.cpp">
      <Filter>Source Files</Filter>
    </ClCompile>
    <ClCompile Include="komoucar.cpp">
      <Filter>Source Files</Filter>
    </ClCompile>
    <ClCompile Include="tjuln.cpp">
      <Filter>Source Files</Filter>
    </ClCompile>
    <ClCompile Include="farma.cpp">
      <Filter>Source Files</Filter>
    </ClCompile>
    <ClCompile Include="tipkovnica.cpp">
      <Filter>Source Files</Filter>
    </ClCompile>
    <ClCompile Include="boss.cpp">
      <Filter>Source Files</Filter>
    </ClCompile>
    <ClCompile Include="kepa.cpp">
      <Filter>Source Files</Filter>
    </ClCompile>
    <ClCompile Include="Casovnik.cpp">
      <Filter>Source Files</Filter>
    </ClCompile>
    <ClCompile Include="terminal.cpp">
      <Filter>Source Files</Filter>
    </ClCompile>
  </ItemGroup>
  <ItemGroup>
    <ClInclude Include="resource.h">
      <Filter>Header Files</Filter>
    </ClInclude>
    <ClInclude Include="zvok.h">
      <Filter>Header Files</Filter>
    </ClInclude>
    <ClInclude Include="slika.h">
      <Filter>Header Files</Filter>
    </ClInclude>
    <ClInclude Include="igra.h">
      <Filter>Header Files</Filter>
    </ClInclude>
    <ClInclude Include="menu.h">
      <Filter>Header Files</Filter>
    </ClInclude>
    <ClInclude Include="tekst.h">
      <Filter>Header Files</Filter>
    </ClInclude>
    <ClInclude Include="okno.h">
      <Filter>Header Files</Filter>
    </ClInclude>
    <ClInclude Include="ZivoBitje.h">
      <Filter>Header Files</Filter>
    </ClInclude>
    <ClInclude Include="igralec.h">
      <Filter>Header Files</Filter>
    </ClInclude>
    <ClInclude Include="Casovnik.h">
      <Filter>Header Files</Filter>
    </ClInclude>
  </ItemGroup>
  <ItemGroup>
    <ResourceCompile Include="ne_krznu.rc">
      <Filter>Resource Files</Filter>
    </ResourceCompile>
  </ItemGroup>
  <ItemGroup>
    <Image Include="common\img\ikona.ico">
      <Filter>Resource Files</Filter>
    </Image>
  </ItemGroup>
</Project>